
Microsoft Visual Studio Solution File, Format Version 12.00
# Visual Studio Version 17
VisualStudioVersion = 17.1.32228.430
MinimumVisualStudioVersion = 10.0.40219.1
Project("{FAE04EC0-301F-11D3-BF4B-00C04F79EFBC}") = "FSE.API", "Profile\FSE.API\FSE.API.csproj", "{CA2FE209-D45D-4FDE-A5DE-F589B7A03CBF}"
EndProject
Project("{2150E333-8FDC-42A3-9474-1A3956D46DE8}") = "src", "src", "{F24A6836-4357-4B05-8464-F33D5C51B2CA}"
EndProject
Project("{FAE04EC0-301F-11D3-BF4B-00C04F79EFBC}") = "FSE.Domain", "Profile\FSE.Domain\FSE.Domain.csproj", "{6E3AA771-C62B-45B9-B5AD-323EE2A41B41}"
EndProject
Project("{FAE04EC0-301F-11D3-BF4B-00C04F79EFBC}") = "FSE.Infrastructure", "Profile\FSE.Infrastructure\FSE.Infrastructure.csproj", "{C2A48565-DDAD-4B4D-897B-469F3D789CC1}"
EndProject
Project("{2150E333-8FDC-42A3-9474-1A3956D46DE8}") = "Services", "Services", "{7B8083B7-45AA-42E3-A32E-2869794A6624}"
EndProject
Project("{2150E333-8FDC-42A3-9474-1A3956D46DE8}") = "Admin", "Admin", "{012ED219-5448-4082-845C-B8AEB91695E7}"
EndProject
Project("{2150E333-8FDC-42A3-9474-1A3956D46DE8}") = "Profile", "Profile", "{490B1586-6E1D-42C8-91B7-1990B250B855}"
EndProject
Project("{9A19103F-16F7-4668-BE54-9A1E7A4F7556}") = "FSE.Admin.API", "Admin\FSE.Admin.API\FSE.Admin.API.csproj", "{DE6BBECC-1644-4A47-96DE-FE98428B9F77}"
EndProject
Project("{9A19103F-16F7-4668-BE54-9A1E7A4F7556}") = "FSE.Admin.Domain", "Admin\FSE.Admin.Domain\FSE.Admin.Domain.csproj", "{1CCB2353-45E3-4974-8A9C-4B78FB3B64B3}"
EndProject
Project("{9A19103F-16F7-4668-BE54-9A1E7A4F7556}") = "FSE.Admin.Infrastructure", "Admin\FSE.Admin.Infrastructure\FSE.Admin.Infrastructure.csproj", "{9BCF780E-944B-4667-9579-0DF4879E3F07}"
EndProject
Global
	GlobalSection(SolutionConfigurationPlatforms) = preSolution
		Debug|Any CPU = Debug|Any CPU
		Release|Any CPU = Release|Any CPU
	EndGlobalSection
	GlobalSection(ProjectConfigurationPlatforms) = postSolution
		{CA2FE209-D45D-4FDE-A5DE-F589B7A03CBF}.Debug|Any CPU.ActiveCfg = Debug|Any CPU
		{CA2FE209-D45D-4FDE-A5DE-F589B7A03CBF}.Debug|Any CPU.Build.0 = Debug|Any CPU
		{CA2FE209-D45D-4FDE-A5DE-F589B7A03CBF}.Release|Any CPU.ActiveCfg = Release|Any CPU
		{CA2FE209-D45D-4FDE-A5DE-F589B7A03CBF}.Release|Any CPU.Build.0 = Release|Any CPU
		{6E3AA771-C62B-45B9-B5AD-323EE2A41B41}.Debug|Any CPU.ActiveCfg = Debug|Any CPU
		{6E3AA771-C62B-45B9-B5AD-323EE2A41B41}.Debug|Any CPU.Build.0 = Debug|Any CPU
		{6E3AA771-C62B-45B9-B5AD-323EE2A41B41}.Release|Any CPU.ActiveCfg = Release|Any CPU
		{6E3AA771-C62B-45B9-B5AD-323EE2A41B41}.Release|Any CPU.Build.0 = Release|Any CPU
		{C2A48565-DDAD-4B4D-897B-469F3D789CC1}.Debug|Any CPU.ActiveCfg = Debug|Any CPU
		{C2A48565-DDAD-4B4D-897B-469F3D789CC1}.Debug|Any CPU.Build.0 = Debug|Any CPU
		{C2A48565-DDAD-4B4D-897B-469F3D789CC1}.Release|Any CPU.ActiveCfg = Release|Any CPU
		{C2A48565-DDAD-4B4D-897B-469F3D789CC1}.Release|Any CPU.Build.0 = Release|Any CPU
		{DE6BBECC-1644-4A47-96DE-FE98428B9F77}.Debug|Any CPU.ActiveCfg = Debug|Any CPU
		{DE6BBECC-1644-4A47-96DE-FE98428B9F77}.Debug|Any CPU.Build.0 = Debug|Any CPU
		{DE6BBECC-1644-4A47-96DE-FE98428B9F77}.Release|Any CPU.ActiveCfg = Release|Any CPU
		{DE6BBECC-1644-4A47-96DE-FE98428B9F77}.Release|Any CPU.Build.0 = Release|Any CPU
		{1CCB2353-45E3-4974-8A9C-4B78FB3B64B3}.Debug|Any CPU.ActiveCfg = Debug|Any CPU
		{1CCB2353-45E3-4974-8A9C-4B78FB3B64B3}.Debug|Any CPU.Build.0 = Debug|Any CPU
		{1CCB2353-45E3-4974-8A9C-4B78FB3B64B3}.Release|Any CPU.ActiveCfg = Release|Any CPU
		{1CCB2353-45E3-4974-8A9C-4B78FB3B64B3}.Release|Any CPU.Build.0 = Release|Any CPU
		{9BCF780E-944B-4667-9579-0DF4879E3F07}.Debug|Any CPU.ActiveCfg = Debug|Any CPU
		{9BCF780E-944B-4667-9579-0DF4879E3F07}.Debug|Any CPU.Build.0 = Debug|Any CPU
		{9BCF780E-944B-4667-9579-0DF4879E3F07}.Release|Any CPU.ActiveCfg = Release|Any CPU
		{9BCF780E-944B-4667-9579-0DF4879E3F07}.Release|Any CPU.Build.0 = Release|Any CPU
	EndGlobalSection
	GlobalSection(SolutionProperties) = preSolution
		HideSolutionNode = FALSE
	EndGlobalSection
	GlobalSection(NestedProjects) = preSolution
		{CA2FE209-D45D-4FDE-A5DE-F589B7A03CBF} = {490B1586-6E1D-42C8-91B7-1990B250B855}
		{6E3AA771-C62B-45B9-B5AD-323EE2A41B41} = {490B1586-6E1D-42C8-91B7-1990B250B855}
		{C2A48565-DDAD-4B4D-897B-469F3D789CC1} = {490B1586-6E1D-42C8-91B7-1990B250B855}
		{7B8083B7-45AA-42E3-A32E-2869794A6624} = {F24A6836-4357-4B05-8464-F33D5C51B2CA}
		{012ED219-5448-4082-845C-B8AEB91695E7} = {7B8083B7-45AA-42E3-A32E-2869794A6624}
		{490B1586-6E1D-42C8-91B7-1990B250B855} = {7B8083B7-45AA-42E3-A32E-2869794A6624}
		{DE6BBECC-1644-4A47-96DE-FE98428B9F77} = {012ED219-5448-4082-845C-B8AEB91695E7}
		{1CCB2353-45E3-4974-8A9C-4B78FB3B64B3} = {012ED219-5448-4082-845C-B8AEB91695E7}
		{9BCF780E-944B-4667-9579-0DF4879E3F07} = {012ED219-5448-4082-845C-B8AEB91695E7}
	EndGlobalSection
	GlobalSection(ExtensibilityGlobals) = postSolution
		SolutionGuid = {7962B90C-EF9F-4AEC-9E5E-AB13DC6C27D7}
	EndGlobalSection
EndGlobal
